<Solution>
  <Folder Name="/Backend/">
    <Project Path="StockFlow.API/StockFlow.API.csproj" />
    <Project Path="StockFlow.Application/StockFlow.Application.csproj" />
    <Project Path="StockFlow.Domain/StockFlow.Domain.csproj" />
    <Project Path="StockFlow.Infrastructure/StockFlow.Infrastructure.csproj" />
  </Folder>
  <Folder Name="/Frontend/">
    <Project Path="StockFlow.CashRegister/StockFlow.CashRegister.csproj" Id="88d97335-541c-4f06-a52f-461cb8a50b0b" />
    <Project Path="StockFlow.ManagementApp/StockFlow.ManagementApp.csproj" Id="fe202e03-5b85-4279-9cc1-10428599f71e" />
  </Folder>
  <Folder Name="/Solution Items/">
    <File Path=".github/workflows/ci-build-test.yml" />
    <File Path=".gitignore" />
    <File Path="README.md" />
  </Folder>
</Solution>
